// !$*UTF8*$!
{
	archiveVersion = 1;
	classes = {
	};
	objectVersion = 46;
	objects = {

/* Begin PBXBuildFile section */
		D021561D1A7FEDDD006B7F0E /* AppDelegate.swift in Sources */ = {isa = PBXBuildFile; fileRef = D021561C1A7FEDDD006B7F0E /* AppDelegate.swift */; };
		D02156201A7FEDDD006B7F0E /* ScrollFromBottomDemo.xcdatamodeld in Sources */ = {isa = PBXBuildFile; fileRef = D021561E1A7FEDDD006B7F0E /* ScrollFromBottomDemo.xcdatamodeld */; };
		D02156221A7FEDDD006B7F0E /* ViewController.swift in Sources */ = {isa = PBXBuildFile; fileRef = D02156211A7FEDDD006B7F0E /* ViewController.swift */; };
		D02156251A7FEDDD006B7F0E /* Main.storyboard in Resources */ = {isa = PBXBuildFile; fileRef = D02156231A7FEDDD006B7F0E /* Main.storyboard */; };
		D02156271A7FEDDD006B7F0E /* Images.xcassets in Resources */ = {isa = PBXBuildFile; fileRef = D02156261A7FEDDD006B7F0E /* Images.xcassets */; };
		D021562A1A7FEDDD006B7F0E /* LaunchScreen.xib in Resources */ = {isa = PBXBuildFile; fileRef = D02156281A7FEDDD006B7F0E /* LaunchScreen.xib */; };
		D021563F1A7FEE72006B7F0E /* ScrollFromBottomTableView.framework in Resources */ = {isa = PBXBuildFile; fileRef = D09E12751A7EE37200EC5FD7 /* ScrollFromBottomTableView.framework */; };
		D02156451A7FF2FB006B7F0E /* ScrollFromBottomTableView.m in Sources */ = {isa = PBXBuildFile; fileRef = D02156431A7FF2FB006B7F0E /* ScrollFromBottomTableView.m */; };
		D02156481A7FF41B006B7F0E /* ScrollFromBottomTableView.framework in Frameworks */ = {isa = PBXBuildFile; fileRef = D09E12751A7EE37200EC5FD7 /* ScrollFromBottomTableView.framework */; };
		D04A49A71A8460AF00553BA7 /* ScrollFromBottomTableViewController.h in Headers */ = {isa = PBXBuildFile; fileRef = D04A49A51A8460AF00553BA7 /* ScrollFromBottomTableViewController.h */; settings = {ATTRIBUTES = (Public, ); }; };
		D04A49A81A8460AF00553BA7 /* ScrollFromBottomTableViewController.m in Sources */ = {isa = PBXBuildFile; fileRef = D04A49A61A8460AF00553BA7 /* ScrollFromBottomTableViewController.m */; };
		D08EE0621A8279310069C311 /* ForwardingUITableViewDataSource.h in Headers */ = {isa = PBXBuildFile; fileRef = D08EE0601A8279310069C311 /* ForwardingUITableViewDataSource.h */; };
		D08EE0631A8279310069C311 /* ForwardingUITableViewDataSource.m in Sources */ = {isa = PBXBuildFile; fileRef = D08EE0611A8279310069C311 /* ForwardingUITableViewDataSource.m */; };
		D08EE0661A82843F0069C311 /* UIView+ScrollFromBottomTableView.h in Headers */ = {isa = PBXBuildFile; fileRef = D08EE0641A82843F0069C311 /* UIView+ScrollFromBottomTableView.h */; };
		D08EE0671A82843F0069C311 /* UIView+ScrollFromBottomTableView.m in Sources */ = {isa = PBXBuildFile; fileRef = D08EE0651A82843F0069C311 /* UIView+ScrollFromBottomTableView.m */; };
		D08EE0701A83CECB0069C311 /* ForwardingUITableViewDelegate.h in Headers */ = {isa = PBXBuildFile; fileRef = D08EE06E1A83CECB0069C311 /* ForwardingUITableViewDelegate.h */; };
		D08EE0711A83CECB0069C311 /* ForwardingUITableViewDelegate.m in Sources */ = {isa = PBXBuildFile; fileRef = D08EE06F1A83CECB0069C311 /* ForwardingUITableViewDelegate.m */; };
		D08EE0741A83D22F0069C311 /* ScrollFromBottomTableViewDelegate.h in Headers */ = {isa = PBXBuildFile; fileRef = D08EE0721A83D22F0069C311 /* ScrollFromBottomTableViewDelegate.h */; settings = {ATTRIBUTES = (Public, ); }; };
		D08EE0751A83D22F0069C311 /* ScrollFromBottomTableViewDelegate.m in Sources */ = {isa = PBXBuildFile; fileRef = D08EE0731A83D22F0069C311 /* ScrollFromBottomTableViewDelegate.m */; };
		D08EE0791A83D3FE0069C311 /* ScrollFromBottomTableViewDataSource.m in Sources */ = {isa = PBXBuildFile; fileRef = D08EE0771A83D3FE0069C311 /* ScrollFromBottomTableViewDataSource.m */; };
		D08EE07A1A83E4AD0069C311 /* ScrollFromBottomTableViewDataSource.h in Headers */ = {isa = PBXBuildFile; fileRef = D08EE0761A83D3FE0069C311 /* ScrollFromBottomTableViewDataSource.h */; settings = {ATTRIBUTES = (Public, ); }; };
		D08EE0801A83E8170069C311 /* DemoTableViewController.m in Sources */ = {isa = PBXBuildFile; fileRef = D08EE07F1A83E8170069C311 /* DemoTableViewController.m */; };
		D09E127B1A7EE37200EC5FD7 /* ScrollFromBottomTableView.h in Headers */ = {isa = PBXBuildFile; fileRef = D09E127A1A7EE37200EC5FD7 /* ScrollFromBottomTableView.h */; settings = {ATTRIBUTES = (Public, ); }; };
/* End PBXBuildFile section */

/* Begin PBXContainerItemProxy section */
		D021563D1A7FEE60006B7F0E /* PBXContainerItemProxy */ = {
			isa = PBXContainerItemProxy;
			containerPortal = D09E126C1A7EE37200EC5FD7 /* Project object */;
			proxyType = 1;
			remoteGlobalIDString = D09E12741A7EE37200EC5FD7;
			remoteInfo = ScrollFromBottomTableView;
		};
/* End PBXContainerItemProxy section */

/* Begin PBXFileReference section */
		D02156181A7FEDDD006B7F0E /* ScrollFromBottomDemo.app */ = {isa = PBXFileReference; explicitFileType = wrapper.application; includeInIndex = 0; path = ScrollFromBottomDemo.app; sourceTree = BUILT_PRODUCTS_DIR; };
		D021561B1A7FEDDD006B7F0E /* Info.plist */ = {isa = PBXFileReference; lastKnownFileType = text.plist.xml; path = Info.plist; sourceTree = "<group>"; };
		D021561C1A7FEDDD006B7F0E /* AppDelegate.swift */ = {isa = PBXFileReference; lastKnownFileType = sourcecode.swift; path = AppDelegate.swift; sourceTree = "<group>"; };
		D021561F1A7FEDDD006B7F0E /* ScrollFromBottomDemo.xcdatamodel */ = {isa = PBXFileReference; lastKnownFileType = wrapper.xcdatamodel; path = ScrollFromBottomDemo.xcdatamodel; sourceTree = "<group>"; };
		D02156211A7FEDDD006B7F0E /* ViewController.swift */ = {isa = PBXFileReference; lastKnownFileType = sourcecode.swift; path = ViewController.swift; sourceTree = "<group>"; };
		D02156241A7FEDDD006B7F0E /* Base */ = {isa = PBXFileReference; lastKnownFileType = file.storyboard; name = Base; path = Base.lproj/Main.storyboard; sourceTree = "<group>"; };
		D02156261A7FEDDD006B7F0E /* Images.xcassets */ = {isa = PBXFileReference; lastKnownFileType = folder.assetcatalog; path = Images.xcassets; sourceTree = "<group>"; };
		D02156291A7FEDDD006B7F0E /* Base */ = {isa = PBXFileReference; lastKnownFileType = file.xib; name = Base; path = Base.lproj/LaunchScreen.xib; sourceTree = "<group>"; };
		D02156431A7FF2FB006B7F0E /* ScrollFromBottomTableView.m */ = {isa = PBXFileReference; fileEncoding = 4; lastKnownFileType = sourcecode.c.objc; path = ScrollFromBottomTableView.m; sourceTree = "<group>"; };
		D04A49A51A8460AF00553BA7 /* ScrollFromBottomTableViewController.h */ = {isa = PBXFileReference; fileEncoding = 4; lastKnownFileType = sourcecode.c.h; path = ScrollFromBottomTableViewController.h; sourceTree = "<group>"; };
		D04A49A61A8460AF00553BA7 /* ScrollFromBottomTableViewController.m */ = {isa = PBXFileReference; fileEncoding = 4; lastKnownFileType = sourcecode.c.objc; path = ScrollFromBottomTableViewController.m; sourceTree = "<group>"; };
		D08EE0601A8279310069C311 /* ForwardingUITableViewDataSource.h */ = {isa = PBXFileReference; fileEncoding = 4; lastKnownFileType = sourcecode.c.h; path = ForwardingUITableViewDataSource.h; sourceTree = "<group>"; };
		D08EE0611A8279310069C311 /* ForwardingUITableViewDataSource.m */ = {isa = PBXFileReference; fileEncoding = 4; lastKnownFileType = sourcecode.c.objc; path = ForwardingUITableViewDataSource.m; sourceTree = "<group>"; };
		D08EE0641A82843F0069C311 /* UIView+ScrollFromBottomTableView.h */ = {isa = PBXFileReference; fileEncoding = 4; lastKnownFileType = sourcecode.c.h; path = "UIView+ScrollFromBottomTableView.h"; sourceTree = "<group>"; };
		D08EE0651A82843F0069C311 /* UIView+ScrollFromBottomTableView.m */ = {isa = PBXFileReference; fileEncoding = 4; lastKnownFileType = sourcecode.c.objc; path = "UIView+ScrollFromBottomTableView.m"; sourceTree = "<group>"; };
		D08EE06E1A83CECB0069C311 /* ForwardingUITableViewDelegate.h */ = {isa = PBXFileReference; fileEncoding = 4; lastKnownFileType = sourcecode.c.h; path = ForwardingUITableViewDelegate.h; sourceTree = "<group>"; };
		D08EE06F1A83CECB0069C311 /* ForwardingUITableViewDelegate.m */ = {isa = PBXFileReference; fileEncoding = 4; lastKnownFileType = sourcecode.c.objc; path = ForwardingUITableViewDelegate.m; sourceTree = "<group>"; };
		D08EE0721A83D22F0069C311 /* ScrollFromBottomTableViewDelegate.h */ = {isa = PBXFileReference; fileEncoding = 4; lastKnownFileType = sourcecode.c.h; path = ScrollFromBottomTableViewDelegate.h; sourceTree = "<group>"; };
		D08EE0731A83D22F0069C311 /* ScrollFromBottomTableViewDelegate.m */ = {isa = PBXFileReference; fileEncoding = 4; lastKnownFileType = sourcecode.c.objc; path = ScrollFromBottomTableViewDelegate.m; sourceTree = "<group>"; };
		D08EE0761A83D3FE0069C311 /* ScrollFromBottomTableViewDataSource.h */ = {isa = PBXFileReference; fileEncoding = 4; lastKnownFileType = sourcecode.c.h; path = ScrollFromBottomTableViewDataSource.h; sourceTree = "<group>"; };
		D08EE0771A83D3FE0069C311 /* ScrollFromBottomTableViewDataSource.m */ = {isa = PBXFileReference; fileEncoding = 4; lastKnownFileType = sourcecode.c.objc; path = ScrollFromBottomTableViewDataSource.m; sourceTree = "<group>"; };
		D08EE07D1A83E8160069C311 /* ScrollFromBottomDemo-Bridging-Header.h */ = {isa = PBXFileReference; lastKnownFileType = sourcecode.c.h; path = "ScrollFromBottomDemo-Bridging-Header.h"; sourceTree = "<group>"; };
		D08EE07E1A83E8170069C311 /* DemoTableViewController.h */ = {isa = PBXFileReference; fileEncoding = 4; lastKnownFileType = sourcecode.c.h; path = DemoTableViewController.h; sourceTree = "<group>"; };
		D08EE07F1A83E8170069C311 /* DemoTableViewController.m */ = {isa = PBXFileReference; fileEncoding = 4; lastKnownFileType = sourcecode.c.objc; path = DemoTableViewController.m; sourceTree = "<group>"; };
		D09E12751A7EE37200EC5FD7 /* ScrollFromBottomTableView.framework */ = {isa = PBXFileReference; explicitFileType = wrapper.framework; includeInIndex = 0; path = ScrollFromBottomTableView.framework; sourceTree = BUILT_PRODUCTS_DIR; };
		D09E12791A7EE37200EC5FD7 /* Info.plist */ = {isa = PBXFileReference; lastKnownFileType = text.plist.xml; path = Info.plist; sourceTree = "<group>"; };
		D09E127A1A7EE37200EC5FD7 /* ScrollFromBottomTableView.h */ = {isa = PBXFileReference; lastKnownFileType = sourcecode.c.h; path = ScrollFromBottomTableView.h; sourceTree = "<group>"; };
/* End PBXFileReference section */

/* Begin PBXFrameworksBuildPhase section */
		D02156151A7FEDDD006B7F0E /* Frameworks */ = {
			isa = PBXFrameworksBuildPhase;
			buildActionMask = 2147483647;
			files = (
				D02156481A7FF41B006B7F0E /* ScrollFromBottomTableView.framework in Frameworks */,
			);
			runOnlyForDeploymentPostprocessing = 0;
		};
		D09E12711A7EE37200EC5FD7 /* Frameworks */ = {
			isa = PBXFrameworksBuildPhase;
			buildActionMask = 2147483647;
			files = (
			);
			runOnlyForDeploymentPostprocessing = 0;
		};
/* End PBXFrameworksBuildPhase section */

/* Begin PBXGroup section */
		D02156191A7FEDDD006B7F0E /* ScrollFromBottomDemo */ = {
			isa = PBXGroup;
			children = (
				D021561C1A7FEDDD006B7F0E /* AppDelegate.swift */,
				D02156211A7FEDDD006B7F0E /* ViewController.swift */,
				D02156231A7FEDDD006B7F0E /* Main.storyboard */,
				D02156261A7FEDDD006B7F0E /* Images.xcassets */,
				D02156281A7FEDDD006B7F0E /* LaunchScreen.xib */,
				D021561E1A7FEDDD006B7F0E /* ScrollFromBottomDemo.xcdatamodeld */,
				D021561A1A7FEDDD006B7F0E /* Supporting Files */,
				D08EE07E1A83E8170069C311 /* DemoTableViewController.h */,
				D08EE07F1A83E8170069C311 /* DemoTableViewController.m */,
				D08EE07D1A83E8160069C311 /* ScrollFromBottomDemo-Bridging-Header.h */,
			);
			path = ScrollFromBottomDemo;
			sourceTree = "<group>";
		};
		D021561A1A7FEDDD006B7F0E /* Supporting Files */ = {
			isa = PBXGroup;
			children = (
				D021561B1A7FEDDD006B7F0E /* Info.plist */,
			);
			name = "Supporting Files";
			sourceTree = "<group>";
		};
		D09E126B1A7EE37200EC5FD7 = {
			isa = PBXGroup;
			children = (
				D09E12771A7EE37200EC5FD7 /* ScrollFromBottomTableView */,
				D02156191A7FEDDD006B7F0E /* ScrollFromBottomDemo */,
				D09E12761A7EE37200EC5FD7 /* Products */,
			);
			sourceTree = "<group>";
		};
		D09E12761A7EE37200EC5FD7 /* Products */ = {
			isa = PBXGroup;
			children = (
				D09E12751A7EE37200EC5FD7 /* ScrollFromBottomTableView.framework */,
				D02156181A7FEDDD006B7F0E /* ScrollFromBottomDemo.app */,
			);
			name = Products;
			sourceTree = "<group>";
		};
		D09E12771A7EE37200EC5FD7 /* ScrollFromBottomTableView */ = {
			isa = PBXGroup;
			children = (
				D09E12781A7EE37200EC5FD7 /* Supporting Files */,
				D09E127A1A7EE37200EC5FD7 /* ScrollFromBottomTableView.h */,
				D02156431A7FF2FB006B7F0E /* ScrollFromBottomTableView.m */,
				D04A49A51A8460AF00553BA7 /* ScrollFromBottomTableViewController.h */,
				D04A49A61A8460AF00553BA7 /* ScrollFromBottomTableViewController.m */,
				D08EE0601A8279310069C311 /* ForwardingUITableViewDataSource.h */,
				D08EE0611A8279310069C311 /* ForwardingUITableViewDataSource.m */,
				D08EE0641A82843F0069C311 /* UIView+ScrollFromBottomTableView.h */,
				D08EE0651A82843F0069C311 /* UIView+ScrollFromBottomTableView.m */,
				D08EE06E1A83CECB0069C311 /* ForwardingUITableViewDelegate.h */,
				D08EE06F1A83CECB0069C311 /* ForwardingUITableViewDelegate.m */,
				D08EE0761A83D3FE0069C311 /* ScrollFromBottomTableViewDataSource.h */,
				D08EE0771A83D3FE0069C311 /* ScrollFromBottomTableViewDataSource.m */,
				D08EE0721A83D22F0069C311 /* ScrollFromBottomTableViewDelegate.h */,
				D08EE0731A83D22F0069C311 /* ScrollFromBottomTableViewDelegate.m */,
			);
			path = ScrollFromBottomTableView;
			sourceTree = "<group>";
		};
		D09E12781A7EE37200EC5FD7 /* Supporting Files */ = {
			isa = PBXGroup;
			children = (
				D09E12791A7EE37200EC5FD7 /* Info.plist */,
			);
			name = "Supporting Files";
			sourceTree = "<group>";
		};
/* End PBXGroup section */

/* Begin PBXHeadersBuildPhase section */
		D09E12721A7EE37200EC5FD7 /* Headers */ = {
			isa = PBXHeadersBuildPhase;
			buildActionMask = 2147483647;
			files = (
				D09E127B1A7EE37200EC5FD7 /* ScrollFromBottomTableView.h in Headers */,
				D04A49A71A8460AF00553BA7 /* ScrollFromBottomTableViewController.h in Headers */,
				D08EE0741A83D22F0069C311 /* ScrollFromBottomTableViewDelegate.h in Headers */,
				D08EE07A1A83E4AD0069C311 /* ScrollFromBottomTableViewDataSource.h in Headers */,
				D08EE0701A83CECB0069C311 /* ForwardingUITableViewDelegate.h in Headers */,
				D08EE0621A8279310069C311 /* ForwardingUITableViewDataSource.h in Headers */,
				D08EE0661A82843F0069C311 /* UIView+ScrollFromBottomTableView.h in Headers */,
			);
			runOnlyForDeploymentPostprocessing = 0;
		};
/* End PBXHeadersBuildPhase section */

/* Begin PBXNativeTarget section */
		D02156171A7FEDDD006B7F0E /* ScrollFromBottomDemo */ = {
			isa = PBXNativeTarget;
			buildConfigurationList = D021563B1A7FEDDD006B7F0E /* Build configuration list for PBXNativeTarget "ScrollFromBottomDemo" */;
			buildPhases = (
				D02156141A7FEDDD006B7F0E /* Sources */,
				D02156151A7FEDDD006B7F0E /* Frameworks */,
				D02156161A7FEDDD006B7F0E /* Resources */,
			);
			buildRules = (
			);
			dependencies = (
				D021563E1A7FEE60006B7F0E /* PBXTargetDependency */,
			);
			name = ScrollFromBottomDemo;
			productName = ScrollFromBottomDemo;
			productReference = D02156181A7FEDDD006B7F0E /* ScrollFromBottomDemo.app */;
			productType = "com.apple.product-type.application";
		};
		D09E12741A7EE37200EC5FD7 /* ScrollFromBottomTableView */ = {
			isa = PBXNativeTarget;
			buildConfigurationList = D09E128B1A7EE37200EC5FD7 /* Build configuration list for PBXNativeTarget "ScrollFromBottomTableView" */;
			buildPhases = (
				D09E12701A7EE37200EC5FD7 /* Sources */,
				D09E12711A7EE37200EC5FD7 /* Frameworks */,
				D09E12721A7EE37200EC5FD7 /* Headers */,
				D09E12731A7EE37200EC5FD7 /* Resources */,
			);
			buildRules = (
			);
			dependencies = (
			);
			name = ScrollFromBottomTableView;
			productName = ScrollFromBottomTableView;
			productReference = D09E12751A7EE37200EC5FD7 /* ScrollFromBottomTableView.framework */;
			productType = "com.apple.product-type.framework";
		};
/* End PBXNativeTarget section */

/* Begin PBXProject section */
		D09E126C1A7EE37200EC5FD7 /* Project object */ = {
			isa = PBXProject;
			attributes = {
				LastUpgradeCheck = 0610;
				ORGANIZATIONNAME = "DeWeese Consulting, LLC";
				TargetAttributes = {
					D02156171A7FEDDD006B7F0E = {
						CreatedOnToolsVersion = 6.1.1;
					};
					D09E12741A7EE37200EC5FD7 = {
						CreatedOnToolsVersion = 6.1.1;
					};
				};
			};
			buildConfigurationList = D09E126F1A7EE37200EC5FD7 /* Build configuration list for PBXProject "ScrollFromBottomTableView" */;
			compatibilityVersion = "Xcode 3.2";
			developmentRegion = English;
			hasScannedForEncodings = 0;
			knownRegions = (
				en,
				Base,
			);
			mainGroup = D09E126B1A7EE37200EC5FD7;
			productRefGroup = D09E12761A7EE37200EC5FD7 /* Products */;
			projectDirPath = "";
			projectRoot = "";
			targets = (
				D09E12741A7EE37200EC5FD7 /* ScrollFromBottomTableView */,
				D02156171A7FEDDD006B7F0E /* ScrollFromBottomDemo */,
			);
		};
/* End PBXProject section */

/* Begin PBXResourcesBuildPhase section */
		D02156161A7FEDDD006B7F0E /* Resources */ = {
			isa = PBXResourcesBuildPhase;
			buildActionMask = 2147483647;
			files = (
				D021563F1A7FEE72006B7F0E /* ScrollFromBottomTableView.framework in Resources */,
				D02156251A7FEDDD006B7F0E /* Main.storyboard in Resources */,
				D021562A1A7FEDDD006B7F0E /* LaunchScreen.xib in Resources */,
				D02156271A7FEDDD006B7F0E /* Images.xcassets in Resources */,
			);
			runOnlyForDeploymentPostprocessing = 0;
		};
		D09E12731A7EE37200EC5FD7 /* Resources */ = {
			isa = PBXResourcesBuildPhase;
			buildActionMask = 2147483647;
			files = (
			);
			runOnlyForDeploymentPostprocessing = 0;
		};
/* End PBXResourcesBuildPhase section */

/* Begin PBXSourcesBuildPhase section */
		D02156141A7FEDDD006B7F0E /* Sources */ = {
			isa = PBXSourcesBuildPhase;
			buildActionMask = 2147483647;
			files = (
				D08EE0801A83E8170069C311 /* DemoTableViewController.m in Sources */,
				D02156221A7FEDDD006B7F0E /* ViewController.swift in Sources */,
				D02156201A7FEDDD006B7F0E /* ScrollFromBottomDemo.xcdatamodeld in Sources */,
				D021561D1A7FEDDD006B7F0E /* AppDelegate.swift in Sources */,
			);
			runOnlyForDeploymentPostprocessing = 0;
		};
		D09E12701A7EE37200EC5FD7 /* Sources */ = {
			isa = PBXSourcesBuildPhase;
			buildActionMask = 2147483647;
			files = (
				D08EE0631A8279310069C311 /* ForwardingUITableViewDataSource.m in Sources */,
				D02156451A7FF2FB006B7F0E /* ScrollFromBottomTableView.m in Sources */,
				D04A49A81A8460AF00553BA7 /* ScrollFromBottomTableViewController.m in Sources */,
				D08EE0791A83D3FE0069C311 /* ScrollFromBottomTableViewDataSource.m in Sources */,
				D08EE0711A83CECB0069C311 /* ForwardingUITableViewDelegate.m in Sources */,
				D08EE0671A82843F0069C311 /* UIView+ScrollFromBottomTableView.m in Sources */,
				D08EE0751A83D22F0069C311 /* ScrollFromBottomTableViewDelegate.m in Sources */,
			);
			runOnlyForDeploymentPostprocessing = 0;
		};
/* End PBXSourcesBuildPhase section */

/* Begin PBXTargetDependency section */
		D021563E1A7FEE60006B7F0E /* PBXTargetDependency */ = {
			isa = PBXTargetDependency;
			target = D09E12741A7EE37200EC5FD7 /* ScrollFromBottomTableView */;
			targetProxy = D021563D1A7FEE60006B7F0E /* PBXContainerItemProxy */;
		};
/* End PBXTargetDependency section */

/* Begin PBXVariantGroup section */
		D02156231A7FEDDD006B7F0E /* Main.storyboard */ = {
			isa = PBXVariantGroup;
			children = (
				D02156241A7FEDDD006B7F0E /* Base */,
			);
			name = Main.storyboard;
			sourceTree = "<group>";
		};
		D02156281A7FEDDD006B7F0E /* LaunchScreen.xib */ = {
			isa = PBXVariantGroup;
			children = (
				D02156291A7FEDDD006B7F0E /* Base */,
			);
			name = LaunchScreen.xib;
			sourceTree = "<group>";
		};
/* End PBXVariantGroup section */

/* Begin XCBuildConfiguration section */
		D02156371A7FEDDD006B7F0E /* Debug */ = {
			isa = XCBuildConfiguration;
			buildSettings = {
				ASSETCATALOG_COMPILER_APPICON_NAME = AppIcon;
				CLANG_ENABLE_MODULES = YES;
				GCC_PREPROCESSOR_DEFINITIONS = (
					"DEBUG=1",
					"$(inherited)",
				);
				INFOPLIST_FILE = ScrollFromBottomDemo/Info.plist;
				LD_RUNPATH_SEARCH_PATHS = "$(inherited) @executable_path/Frameworks";
				PRODUCT_NAME = "$(TARGET_NAME)";
				SWIFT_OBJC_BRIDGING_HEADER = "ScrollFromBottomDemo/ScrollFromBottomDemo-Bridging-Header.h";
				SWIFT_OPTIMIZATION_LEVEL = "-Onone";
			};
			name = Debug;
		};
		D02156381A7FEDDD006B7F0E /* Release */ = {
			isa = XCBuildConfiguration;
			buildSettings = {
				ASSETCATALOG_COMPILER_APPICON_NAME = AppIcon;
				CLANG_ENABLE_MODULES = YES;
				INFOPLIST_FILE = ScrollFromBottomDemo/Info.plist;
				LD_RUNPATH_SEARCH_PATHS = "$(inherited) @executable_path/Frameworks";
				PRODUCT_NAME = "$(TARGET_NAME)";
				SWIFT_OBJC_BRIDGING_HEADER = "ScrollFromBottomDemo/ScrollFromBottomDemo-Bridging-Header.h";
			};
			name = Release;
		};
		D09E12891A7EE37200EC5FD7 /* Debug */ = {
			isa = XCBuildConfiguration;
			buildSettings = {
				ALWAYS_SEARCH_USER_PATHS = NO;
				CLANG_CXX_LANGUAGE_STANDARD = "gnu++0x";
				CLANG_CXX_LIBRARY = "libc++";
				CLANG_ENABLE_MODULES = YES;
				CLANG_ENABLE_OBJC_ARC = YES;
				CLANG_WARN_BOOL_CONVERSION = YES;
				CLANG_WARN_CONSTANT_CONVERSION = YES;
				CLANG_WARN_DIRECT_OBJC_ISA_USAGE = YES_ERROR;
				CLANG_WARN_EMPTY_BODY = YES;
				CLANG_WARN_ENUM_CONVERSION = YES;
				CLANG_WARN_INT_CONVERSION = YES;
				CLANG_WARN_OBJC_ROOT_CLASS = YES_ERROR;
				CLANG_WARN_UNREACHABLE_CODE = YES;
				CLANG_WARN__DUPLICATE_METHOD_MATCH = YES;
				"CODE_SIGN_IDENTITY[sdk=iphoneos*]" = "iPhone Developer";
				COPY_PHASE_STRIP = NO;
				CURRENT_PROJECT_VERSION = 1;
				ENABLE_STRICT_OBJC_MSGSEND = YES;
				GCC_C_LANGUAGE_STANDARD = gnu99;
				GCC_DYNAMIC_NO_PIC = NO;
				GCC_OPTIMIZATION_LEVEL = 0;
				GCC_PREPROCESSOR_DEFINITIONS = (
					"DEBUG=1",
					"$(inherited)",
				);
				GCC_SYMBOLS_PRIVATE_EXTERN = NO;
				GCC_WARN_64_TO_32_BIT_CONVERSION = YES;
				GCC_WARN_ABOUT_RETURN_TYPE = YES_ERROR;
				GCC_WARN_UNDECLARED_SELECTOR = YES;
				GCC_WARN_UNINITIALIZED_AUTOS = YES_AGGRESSIVE;
				GCC_WARN_UNUSED_FUNCTION = YES;
				GCC_WARN_UNUSED_VARIABLE = YES;
				IPHONEOS_DEPLOYMENT_TARGET = 8.1;
				MTL_ENABLE_DEBUG_INFO = YES;
				ONLY_ACTIVE_ARCH = YES;
				SDKROOT = iphoneos;
				SWIFT_OPTIMIZATION_LEVEL = "-Onone";
				TARGETED_DEVICE_FAMILY = "1,2";
				VERSIONING_SYSTEM = "apple-generic";
				VERSION_INFO_PREFIX = "";
			};
			name = Debug;
		};
		D09E128A1A7EE37200EC5FD7 /* Release */ = {
			isa = XCBuildConfiguration;
			buildSettings = {
				ALWAYS_SEARCH_USER_PATHS = NO;
				CLANG_CXX_LANGUAGE_STANDARD = "gnu++0x";
				CLANG_CXX_LIBRARY = "libc++";
				CLANG_ENABLE_MODULES = YES;
				CLANG_ENABLE_OBJC_ARC = YES;
				CLANG_WARN_BOOL_CONVERSION = YES;
				CLANG_WARN_CONSTANT_CONVERSION = YES;
				CLANG_WARN_DIRECT_OBJC_ISA_USAGE = YES_ERROR;
				CLANG_WARN_EMPTY_BODY = YES;
				CLANG_WARN_ENUM_CONVERSION = YES;
				CLANG_WARN_INT_CONVERSION = YES;
				CLANG_WARN_OBJC_ROOT_CLASS = YES_ERROR;
				CLANG_WARN_UNREACHABLE_CODE = YES;
				CLANG_WARN__DUPLICATE_METHOD_MATCH = YES;
				"CODE_SIGN_IDENTITY[sdk=iphoneos*]" = "iPhone Developer";
				COPY_PHASE_STRIP = YES;
				CURRENT_PROJECT_VERSION = 1;
				ENABLE_NS_ASSERTIONS = NO;
				ENABLE_STRICT_OBJC_MSGSEND = YES;
				GCC_C_LANGUAGE_STANDARD = gnu99;
				GCC_WARN_64_TO_32_BIT_CONVERSION = YES;
				GCC_WARN_ABOUT_RETURN_TYPE = YES_ERROR;
				GCC_WARN_UNDECLARED_SELECTOR = YES;
				GCC_WARN_UNINITIALIZED_AUTOS = YES_AGGRESSIVE;
				GCC_WARN_UNUSED_FUNCTION = YES;
				GCC_WARN_UNUSED_VARIABLE = YES;
				IPHONEOS_DEPLOYMENT_TARGET = 8.1;
				MTL_ENABLE_DEBUG_INFO = NO;
				SDKROOT = iphoneos;
				TARGETED_DEVICE_FAMILY = "1,2";
				VALIDATE_PRODUCT = YES;
				VERSIONING_SYSTEM = "apple-generic";
				VERSION_INFO_PREFIX = "";
			};
			name = Release;
		};
		D09E128C1A7EE37200EC5FD7 /* Debug */ = {
			isa = XCBuildConfiguration;
			buildSettings = {
				CLANG_ENABLE_MODULES = YES;
				DEFINES_MODULE = YES;
				DYLIB_COMPATIBILITY_VERSION = 1;
				DYLIB_CURRENT_VERSION = 1;
				DYLIB_INSTALL_NAME_BASE = "@rpath";
				INFOPLIST_FILE = ScrollFromBottomTableView/Info.plist;
				INSTALL_PATH = "$(LOCAL_LIBRARY_DIR)/Frameworks";
				LD_RUNPATH_SEARCH_PATHS = "$(inherited) @executable_path/Frameworks @loader_path/Frameworks";
				PRODUCT_NAME = "$(TARGET_NAME)";
				SKIP_INSTALL = YES;
				SWIFT_OPTIMIZATION_LEVEL = "-Onone";
			};
			name = Debug;
		};
		D09E128D1A7EE37200EC5FD7 /* Release */ = {
			isa = XCBuildConfiguration;
			buildSettings = {
				CLANG_ENABLE_MODULES = YES;
				DEFINES_MODULE = YES;
				DYLIB_COMPATIBILITY_VERSION = 1;
				DYLIB_CURRENT_VERSION = 1;
				DYLIB_INSTALL_NAME_BASE = "@rpath";
				INFOPLIST_FILE = ScrollFromBottomTableView/Info.plist;
				INSTALL_PATH = "$(LOCAL_LIBRARY_DIR)/Frameworks";
				LD_RUNPATH_SEARCH_PATHS = "$(inherited) @executable_path/Frameworks @loader_path/Frameworks";
				PRODUCT_NAME = "$(TARGET_NAME)";
				SKIP_INSTALL = YES;
			};
			name = Release;
		};
/* End XCBuildConfiguration section */

/* Begin XCConfigurationList section */
		D021563B1A7FEDDD006B7F0E /* Build configuration list for PBXNativeTarget "ScrollFromBottomDemo" */ = {
			isa = XCConfigurationList;
			buildConfigurations = (
				D02156371A7FEDDD006B7F0E /* Debug */,
				D02156381A7FEDDD006B7F0E /* Release */,
			);
			defaultConfigurationIsVisible = 0;
			defaultConfigurationName = Release;
		};
		D09E126F1A7EE37200EC5FD7 /* Build configuration list for PBXProject "ScrollFromBottomTableView" */ = {
			isa = XCConfigurationList;
			buildConfigurations = (
				D09E12891A7EE37200EC5FD7 /* Debug */,
				D09E128A1A7EE37200EC5FD7 /* Release */,
			);
			defaultConfigurationIsVisible = 0;
			defaultConfigurationName = Release;
		};
		D09E128B1A7EE37200EC5FD7 /* Build configuration list for PBXNativeTarget "ScrollFromBottomTableView" */ = {
			isa = XCConfigurationList;
			buildConfigurations = (
				D09E128C1A7EE37200EC5FD7 /* Debug */,
				D09E128D1A7EE37200EC5FD7 /* Release */,
			);
			defaultConfigurationIsVisible = 0;
			defaultConfigurationName = Release;
		};
/* End XCConfigurationList section */

/* Begin XCVersionGroup section */
		D021561E1A7FEDDD006B7F0E /* ScrollFromBottomDemo.xcdatamodeld */ = {
			isa = XCVersionGroup;
			children = (
				D021561F1A7FEDDD006B7F0E /* ScrollFromBottomDemo.xcdatamodel */,
			);
			currentVersion = D021561F1A7FEDDD006B7F0E /* ScrollFromBottomDemo.xcdatamodel */;
			path = ScrollFromBottomDemo.xcdatamodeld;
			sourceTree = "<group>";
			versionGroupType = wrapper.xcdatamodel;
		};
/* End XCVersionGroup section */
	};
	rootObject = D09E126C1A7EE37200EC5FD7 /* Project object */;
}
